
Microsoft Visual Studio Solution File, Format Version 12.00
# Visual Studio Version 17
VisualStudioVersion = 17.4.33213.308
MinimumVisualStudioVersion = 10.0.40219.1
Project("{FAE04EC0-301F-11D3-BF4B-00C04F79EFBC}") = "Example.Ecommerce.Infrastructure.Data", "Example.Ecommerce.Infrastructure.Data\Example.Ecommerce.Infrastructure.Data.csproj", "{FB122667-8EEB-4176-A60F-2F98BD76469B}"
EndProject
Project("{2150E333-8FDC-42A3-9474-1A3956D46DE8}") = "Infrastructure", "Infrastructure", "{E51BF5F4-49CA-4091-A7D8-42E512544390}"
EndProject
Project("{FAE04EC0-301F-11D3-BF4B-00C04F79EFBC}") = "Example.Ecommerce.Infrastructure.Interface", "Example.Ecommerce.Infrastructure.Interface\Example.Ecommerce.Infrastructure.Interface.csproj", "{A7722871-3EE7-4BE9-8263-3155A4CF5106}"
EndProject
Project("{FAE04EC0-301F-11D3-BF4B-00C04F79EFBC}") = "Example.Ecommerce.Infrastructure.Repository", "Example.Ecommerce.Infrastructure.Repository\Example.Ecommerce.Infrastructure.Repository.csproj", "{2115B6A0-47B5-4419-83A3-EC82FA08BBCF}"
EndProject
Project("{2150E333-8FDC-42A3-9474-1A3956D46DE8}") = "Domain", "Domain", "{F91A843A-CA95-475B-9B63-66E8EC3F03F3}"
EndProject
Project("{FAE04EC0-301F-11D3-BF4B-00C04F79EFBC}") = "Example.Ecommerce.Domain.Entity", "Example.Ecommerce.Domain.Entity\Example.Ecommerce.Domain.Entity.csproj", "{54908649-6014-44F3-B851-DF7E7CBED8F8}"
EndProject
Project("{FAE04EC0-301F-11D3-BF4B-00C04F79EFBC}") = "Example.Ecommerce.Domain.Interface", "Example.Ecommerce.Domain.Interface\Example.Ecommerce.Domain.Interface.csproj", "{7F34D642-D1B4-4DE3-BDC4-DB7875402B84}"
EndProject
Project("{FAE04EC0-301F-11D3-BF4B-00C04F79EFBC}") = "Example.Ecommerce.Domain.Core", "Example.Ecommerce.Domain.Core\Example.Ecommerce.Domain.Core.csproj", "{099516A5-C649-48F3-86A9-F9BBD25EED16}"
EndProject
Project("{2150E333-8FDC-42A3-9474-1A3956D46DE8}") = "Transversal", "Transversal", "{BC6E73CD-5320-4677-BA0A-013F932CC10A}"
EndProject
Project("{FAE04EC0-301F-11D3-BF4B-00C04F79EFBC}") = "Example.Ecommerce.Transversal.Common", "Example.Ecommerce.Transversal.Common\Example.Ecommerce.Transversal.Common.csproj", "{4B1A13E1-E410-45F4-89D8-7434043C81CD}"
EndProject
Project("{2150E333-8FDC-42A3-9474-1A3956D46DE8}") = "Application", "Application", "{E20F333D-B96B-4C79-A726-E52AECC0A5A5}"
EndProject
Project("{FAE04EC0-301F-11D3-BF4B-00C04F79EFBC}") = "Example.Ecommerce.Application.DTO", "Example.Ecommerce.Application.DTO\Example.Ecommerce.Application.DTO.csproj", "{A5EA7817-7AFC-446B-9C79-D0CDDEB8EE06}"
EndProject
Project("{FAE04EC0-301F-11D3-BF4B-00C04F79EFBC}") = "Example.Ecommerce.Application.Interface", "Example.Ecommerce.Application.Interface\Example.Ecommerce.Application.Interface.csproj", "{4A407316-4B58-41ED-9DD3-50F6DE7A2908}"
EndProject
Project("{FAE04EC0-301F-11D3-BF4B-00C04F79EFBC}") = "Example.Ecommerce.Application.Validator", "Example.Ecommerce.Application.Validator\Example.Ecommerce.Application.Validator.csproj", "{8EFC524B-5789-4408-A73A-EE1969C99E99}"
EndProject
Project("{FAE04EC0-301F-11D3-BF4B-00C04F79EFBC}") = "Example.Ecommerce.Application.Main", "Example.Ecommerce.Application.Main\Example.Ecommerce.Application.Main.csproj", "{B5EBC6F2-0EC9-4FC3-965C-3E46776920FE}"
EndProject
Project("{2150E333-8FDC-42A3-9474-1A3956D46DE8}") = "Service", "Service", "{7E03C744-D904-4C56-AF87-5831687ED643}"
EndProject
Project("{FAE04EC0-301F-11D3-BF4B-00C04F79EFBC}") = "Example.Ecommerce.Service.WebApi", "Example.Ecommerce.Service.WebApi\Example.Ecommerce.Service.WebApi.csproj", "{57D0DC4C-B7FB-418D-A2D8-281BCB3BAADF}"
EndProject
Project("{FAE04EC0-301F-11D3-BF4B-00C04F79EFBC}") = "Example.Ecommerce.Transversal.Logging", "Example.Ecommerce.Transversal.Logging\Example.Ecommerce.Transversal.Logging.csproj", "{FDC329BA-9E28-4269-8D60-F5BD4FBF3B5F}"
EndProject
Project("{FAE04EC0-301F-11D3-BF4B-00C04F79EFBC}") = "Example.Ecommerce.Transversal.Mapper", "Example.Ecommerce.Transversal.Mapper\Example.Ecommerce.Transversal.Mapper.csproj", "{7E2D706E-93F2-4AC9-B774-E32BAB39720B}"
EndProject
Global
	GlobalSection(SolutionConfigurationPlatforms) = preSolution
		Debug|Any CPU = Debug|Any CPU
		Release|Any CPU = Release|Any CPU
	EndGlobalSection
	GlobalSection(ProjectConfigurationPlatforms) = postSolution
		{FB122667-8EEB-4176-A60F-2F98BD76469B}.Debug|Any CPU.ActiveCfg = Debug|Any CPU
		{FB122667-8EEB-4176-A60F-2F98BD76469B}.Debug|Any CPU.Build.0 = Debug|Any CPU
		{FB122667-8EEB-4176-A60F-2F98BD76469B}.Release|Any CPU.ActiveCfg = Release|Any CPU
		{FB122667-8EEB-4176-A60F-2F98BD76469B}.Release|Any CPU.Build.0 = Release|Any CPU
		{A7722871-3EE7-4BE9-8263-3155A4CF5106}.Debug|Any CPU.ActiveCfg = Debug|Any CPU
		{A7722871-3EE7-4BE9-8263-3155A4CF5106}.Debug|Any CPU.Build.0 = Debug|Any CPU
		{A7722871-3EE7-4BE9-8263-3155A4CF5106}.Release|Any CPU.ActiveCfg = Release|Any CPU
		{A7722871-3EE7-4BE9-8263-3155A4CF5106}.Release|Any CPU.Build.0 = Release|Any CPU
		{2115B6A0-47B5-4419-83A3-EC82FA08BBCF}.Debug|Any CPU.ActiveCfg = Debug|Any CPU
		{2115B6A0-47B5-4419-83A3-EC82FA08BBCF}.Debug|Any CPU.Build.0 = Debug|Any CPU
		{2115B6A0-47B5-4419-83A3-EC82FA08BBCF}.Release|Any CPU.ActiveCfg = Release|Any CPU
		{2115B6A0-47B5-4419-83A3-EC82FA08BBCF}.Release|Any CPU.Build.0 = Release|Any CPU
		{54908649-6014-44F3-B851-DF7E7CBED8F8}.Debug|Any CPU.ActiveCfg = Debug|Any CPU
		{54908649-6014-44F3-B851-DF7E7CBED8F8}.Debug|Any CPU.Build.0 = Debug|Any CPU
		{54908649-6014-44F3-B851-DF7E7CBED8F8}.Release|Any CPU.ActiveCfg = Release|Any CPU
		{54908649-6014-44F3-B851-DF7E7CBED8F8}.Release|Any CPU.Build.0 = Release|Any CPU
		{7F34D642-D1B4-4DE3-BDC4-DB7875402B84}.Debug|Any CPU.ActiveCfg = Debug|Any CPU
		{7F34D642-D1B4-4DE3-BDC4-DB7875402B84}.Debug|Any CPU.Build.0 = Debug|Any CPU
		{7F34D642-D1B4-4DE3-BDC4-DB7875402B84}.Release|Any CPU.ActiveCfg = Release|Any CPU
		{7F34D642-D1B4-4DE3-BDC4-DB7875402B84}.Release|Any CPU.Build.0 = Release|Any CPU
		{099516A5-C649-48F3-86A9-F9BBD25EED16}.Debug|Any CPU.ActiveCfg = Debug|Any CPU
		{099516A5-C649-48F3-86A9-F9BBD25EED16}.Debug|Any CPU.Build.0 = Debug|Any CPU
		{099516A5-C649-48F3-86A9-F9BBD25EED16}.Release|Any CPU.ActiveCfg = Release|Any CPU
		{099516A5-C649-48F3-86A9-F9BBD25EED16}.Release|Any CPU.Build.0 = Release|Any CPU
		{4B1A13E1-E410-45F4-89D8-7434043C81CD}.Debug|Any CPU.ActiveCfg = Debug|Any CPU
		{4B1A13E1-E410-45F4-89D8-7434043C81CD}.Debug|Any CPU.Build.0 = Debug|Any CPU
		{4B1A13E1-E410-45F4-89D8-7434043C81CD}.Release|Any CPU.ActiveCfg = Release|Any CPU
		{4B1A13E1-E410-45F4-89D8-7434043C81CD}.Release|Any CPU.Build.0 = Release|Any CPU
		{A5EA7817-7AFC-446B-9C79-D0CDDEB8EE06}.Debug|Any CPU.ActiveCfg = Debug|Any CPU
		{A5EA7817-7AFC-446B-9C79-D0CDDEB8EE06}.Debug|Any CPU.Build.0 = Debug|Any CPU
		{A5EA7817-7AFC-446B-9C79-D0CDDEB8EE06}.Release|Any CPU.ActiveCfg = Release|Any CPU
		{A5EA7817-7AFC-446B-9C79-D0CDDEB8EE06}.Release|Any CPU.Build.0 = Release|Any CPU
		{4A407316-4B58-41ED-9DD3-50F6DE7A2908}.Debug|Any CPU.ActiveCfg = Debug|Any CPU
		{4A407316-4B58-41ED-9DD3-50F6DE7A2908}.Debug|Any CPU.Build.0 = Debug|Any CPU
		{4A407316-4B58-41ED-9DD3-50F6DE7A2908}.Release|Any CPU.ActiveCfg = Release|Any CPU
		{4A407316-4B58-41ED-9DD3-50F6DE7A2908}.Release|Any CPU.Build.0 = Release|Any CPU
		{8EFC524B-5789-4408-A73A-EE1969C99E99}.Debug|Any CPU.ActiveCfg = Debug|Any CPU
		{8EFC524B-5789-4408-A73A-EE1969C99E99}.Debug|Any CPU.Build.0 = Debug|Any CPU
		{8EFC524B-5789-4408-A73A-EE1969C99E99}.Release|Any CPU.ActiveCfg = Release|Any CPU
		{8EFC524B-5789-4408-A73A-EE1969C99E99}.Release|Any CPU.Build.0 = Release|Any CPU
		{B5EBC6F2-0EC9-4FC3-965C-3E46776920FE}.Debug|Any CPU.ActiveCfg = Debug|Any CPU
		{B5EBC6F2-0EC9-4FC3-965C-3E46776920FE}.Debug|Any CPU.Build.0 = Debug|Any CPU
		{B5EBC6F2-0EC9-4FC3-965C-3E46776920FE}.Release|Any CPU.ActiveCfg = Release|Any CPU
		{B5EBC6F2-0EC9-4FC3-965C-3E46776920FE}.Release|Any CPU.Build.0 = Release|Any CPU
		{57D0DC4C-B7FB-418D-A2D8-281BCB3BAADF}.Debug|Any CPU.ActiveCfg = Debug|Any CPU
		{57D0DC4C-B7FB-418D-A2D8-281BCB3BAADF}.Debug|Any CPU.Build.0 = Debug|Any CPU
		{57D0DC4C-B7FB-418D-A2D8-281BCB3BAADF}.Release|Any CPU.ActiveCfg = Release|Any CPU
		{57D0DC4C-B7FB-418D-A2D8-281BCB3BAADF}.Release|Any CPU.Build.0 = Release|Any CPU
		{FDC329BA-9E28-4269-8D60-F5BD4FBF3B5F}.Debug|Any CPU.ActiveCfg = Debug|Any CPU
		{FDC329BA-9E28-4269-8D60-F5BD4FBF3B5F}.Debug|Any CPU.Build.0 = Debug|Any CPU
		{FDC329BA-9E28-4269-8D60-F5BD4FBF3B5F}.Release|Any CPU.ActiveCfg = Release|Any CPU
		{FDC329BA-9E28-4269-8D60-F5BD4FBF3B5F}.Release|Any CPU.Build.0 = Release|Any CPU
		{7E2D706E-93F2-4AC9-B774-E32BAB39720B}.Debug|Any CPU.ActiveCfg = Debug|Any CPU
		{7E2D706E-93F2-4AC9-B774-E32BAB39720B}.Debug|Any CPU.Build.0 = Debug|Any CPU
		{7E2D706E-93F2-4AC9-B774-E32BAB39720B}.Release|Any CPU.ActiveCfg = Release|Any CPU
		{7E2D706E-93F2-4AC9-B774-E32BAB39720B}.Release|Any CPU.Build.0 = Release|Any CPU
	EndGlobalSection
	GlobalSection(SolutionProperties) = preSolution
		HideSolutionNode = FALSE
	EndGlobalSection
	GlobalSection(NestedProjects) = preSolution
		{FB122667-8EEB-4176-A60F-2F98BD76469B} = {E51BF5F4-49CA-4091-A7D8-42E512544390}
		{A7722871-3EE7-4BE9-8263-3155A4CF5106} = {E51BF5F4-49CA-4091-A7D8-42E512544390}
		{2115B6A0-47B5-4419-83A3-EC82FA08BBCF} = {E51BF5F4-49CA-4091-A7D8-42E512544390}
		{54908649-6014-44F3-B851-DF7E7CBED8F8} = {F91A843A-CA95-475B-9B63-66E8EC3F03F3}
		{7F34D642-D1B4-4DE3-BDC4-DB7875402B84} = {F91A843A-CA95-475B-9B63-66E8EC3F03F3}
		{099516A5-C649-48F3-86A9-F9BBD25EED16} = {F91A843A-CA95-475B-9B63-66E8EC3F03F3}
		{4B1A13E1-E410-45F4-89D8-7434043C81CD} = {BC6E73CD-5320-4677-BA0A-013F932CC10A}
		{A5EA7817-7AFC-446B-9C79-D0CDDEB8EE06} = {E20F333D-B96B-4C79-A726-E52AECC0A5A5}
		{4A407316-4B58-41ED-9DD3-50F6DE7A2908} = {E20F333D-B96B-4C79-A726-E52AECC0A5A5}
		{8EFC524B-5789-4408-A73A-EE1969C99E99} = {E20F333D-B96B-4C79-A726-E52AECC0A5A5}
		{B5EBC6F2-0EC9-4FC3-965C-3E46776920FE} = {E20F333D-B96B-4C79-A726-E52AECC0A5A5}
		{57D0DC4C-B7FB-418D-A2D8-281BCB3BAADF} = {7E03C744-D904-4C56-AF87-5831687ED643}
		{FDC329BA-9E28-4269-8D60-F5BD4FBF3B5F} = {BC6E73CD-5320-4677-BA0A-013F932CC10A}
		{7E2D706E-93F2-4AC9-B774-E32BAB39720B} = {BC6E73CD-5320-4677-BA0A-013F932CC10A}
	EndGlobalSection
	GlobalSection(ExtensibilityGlobals) = postSolution
		SolutionGuid = {BC265E1A-823A-46D0-A5FD-A0CAD0109450}
	EndGlobalSection
EndGlobal
